
Microsoft Visual Studio Solution File, Format Version 12.00
# Visual Studio Version 17
VisualStudioVersion = 17.3.32929.385
MinimumVisualStudioVersion = 10.0.40219.1
Project("{9A19103F-16F7-4668-BE54-9A1E7A4F7556}") = "RoadSideAssistance", "RoadSideAssistance\RoadSideAssistance.csproj", "{C14512DF-965F-4D1C-9A0B-B41125C5DD59}"
EndProject
Global
	GlobalSection(SolutionConfigurationPlatforms) = preSolution
		Debug|Any CPU = Debug|Any CPU
		Release|Any CPU = Release|Any CPU
	EndGlobalSection
	GlobalSection(ProjectConfigurationPlatforms) = postSolution
		{C14512DF-965F-4D1C-9A0B-B41125C5DD59}.Debug|Any CPU.ActiveCfg = Debug|Any CPU
		{C14512DF-965F-4D1C-9A0B-B41125C5DD59}.Debug|Any CPU.Build.0 = Debug|Any CPU
		{C14512DF-965F-4D1C-9A0B-B41125C5DD59}.Release|Any CPU.ActiveCfg = Release|Any CPU
		{C14512DF-965F-4D1C-9A0B-B41125C5DD59}.Release|Any CPU.Build.0 = Release|Any CPU
	EndGlobalSection
	GlobalSection(SolutionProperties) = preSolution
		HideSolutionNode = FALSE
	EndGlobalSection
	GlobalSection(ExtensibilityGlobals) = postSolution
		SolutionGuid = {057EF482-FC34-4094-950E-0175E25B904C}
	EndGlobalSection
EndGlobal
